// !$*UTF8*$!
{ archiveVersion = 1; classes = {}; objectVersion = 54; objects = {
97C146E61CF9000F007C117D = {isa = PBXFileReference; explicitFileType = wrapper.application; path = Runner.app; sourceTree = BUILT_PRODUCTS_DIR;};
97C146E51CF9000F007C117D = {isa = PBXGroup; children = (97C146E61CF9000F007C117D,); name = Products; sourceTree = "<group>";};
97C146E71CF9000F007C117D = {isa = PBXNativeTarget; buildConfigurationList = 97C147051CF9000F007C117D; buildPhases = (); buildRules = (); dependencies = (); name = Runner; productName = Runner; productReference = 97C146E61CF9000F007C117D; productType = "com.apple.product-type.application";};
97C146E31CF9000F007C117D = {isa = PBXProject; attributes = {LastUpgradeCheck = 1510; TargetAttributes = {97C146E71CF9000F007C117D = {CreatedOnToolsVersion = 7.3.1;};};}; buildConfigurationList = 97C147021CF9000F007C117D; compatibilityVersion = "Xcode 9.3"; developmentRegion = en; hasScannedForEncodings = 0; knownRegions = (en, Base); mainGroup = 97C146E51CF9000F007C117D; productRefGroup = 97C146E51CF9000F007C117D; projectDirPath = ""; projectRoot = ""; targets = (97C146E71CF9000F007C117D,);};
97C147061CF9000F007C117D = {isa = XCBuildConfiguration; buildSettings = {PRODUCT_BUNDLE_IDENTIFIER = com.mleysoft.aidat; PRODUCT_NAME = "$(TARGET_NAME)"; IPHONEOS_DEPLOYMENT_TARGET = 15.0; INFOPLIST_FILE = Runner/Info.plist; SWIFT_VERSION = 5.0;}; name = Debug;};
97C147071CF9000F007C117D = {isa = XCBuildConfiguration; buildSettings = {PRODUCT_BUNDLE_IDENTIFIER = com.mleysoft.aidat; PRODUCT_NAME = "$(TARGET_NAME)"; IPHONEOS_DEPLOYMENT_TARGET = 15.0; INFOPLIST_FILE = Runner/Info.plist; SWIFT_VERSION = 5.0;}; name = Release;};
97C147051CF9000F007C117D = {isa = XCConfigurationList; buildConfigurations = (97C147061CF9000F007C117D,97C147071CF9000F007C117D,); defaultConfigurationIsVisible = 0; defaultConfigurationName = Release;};
97C147031CF9000F007C117D = {isa = XCBuildConfiguration; buildSettings = {IPHONEOS_DEPLOYMENT_TARGET = 15.0;}; name = Debug;};
97C147041CF9000F007C117D = {isa = XCBuildConfiguration; buildSettings = {IPHONEOS_DEPLOYMENT_TARGET = 15.0;}; name = Release;};
97C147021CF9000F007C117D = {isa = XCConfigurationList; buildConfigurations = (97C147031CF9000F007C117D,97C147041CF9000F007C117D,); defaultConfigurationIsVisible = 0; defaultConfigurationName = Release;};
}; rootObject = 97C146E31CF9000F007C117D; }
